{
  "lockfileVersion": 1,
  "configVersion": 0,
  "workspaces": {
    "": {
      "dependencies": {
        "@auth0/auth0-react": "^2.24.1",
        "@sentry/react": "^10.73.0",
        "@tanstack/react-router": "^1.170.32",
        "posthog-js": "^1.425.1",
      },
    },
  },
  "packages": {
    "@auth0/auth0-auth-js": ["@auth0/auth0-auth-js@1.13.0", "", { "dependencies": { "jose": "^6.0.8", "openid-client": "^6.8.0" } }, "sha512-NSRQzQ5JcF/Ih2HOAJDFFzCq52M8XM+SUMCfpvE4GuNsolNZ5er2r0LBdI0rTin6h4snH9sYhLxf3GViC0wY1Q=="],

    "@auth0/auth0-react": ["@auth0/auth0-react@2.24.1", "", { "dependencies": { "@auth0/auth0-spa-js": "^2.24.1" }, "peerDependencies": { "react": "^16.11.0 || ^17 || ^18 || ~19.0.1 || ~19.1.2 || ^19.2.1", "react-dom": "^16.11.0 || ^17 || ^18 || ~19.0.1 || ~19.1.2 || ^19.2.1" } }, "sha512-K6ymu7g0OoulMllSx/VE+m9yNao8IEy1YzeIX8NnzveIbVvYd2j3+PB5zU3NHXCeMhtT9RYu7EDBxKR1E4+W0A=="],

    "@auth0/auth0-spa-js": ["@auth0/auth0-spa-js@2.24.1", "", { "dependencies": { "@auth0/auth0-auth-js": "^1.10.0", "browser-tabs-lock": "^1.3.0", "dpop": "^2.1.1", "es-cookie": "~1.3.2" } }, "sha512-iS18fBlWWxQ/FPtWgWzYYEImsNRumJG2cZ08xV0HsEmWtTBv+54A+fnyFx9eiNBP7cLp0emwDDjgeG+hQEbVBA=="],

    "@posthog/browser-common": ["@posthog/browser-common@0.7.1", "", { "dependencies": { "@posthog/core": "^1.50.0", "@posthog/types": "^1.407.1" } }, "sha512-JO/5dIVx3NTrbg0W2VciDDmmizsvwaYYHE5cnJE1Gra+UqBnEuVGH9DTE/kBFgVMp+08z5uj/aAprsYD2WG/QQ=="],

    "@posthog/core": ["@posthog/core@1.50.2", "", { "dependencies": { "@posthog/types": "^1.407.1" } }, "sha512-El7y/ipZ45OFBRTN/+ixat9Nw21bW+pKKnX0G+rG4rWxBtDA47Ub/ZUnHvZNhAufNInQr4AYCUeWQsuJsTcoKg=="],

    "@posthog/types": ["@posthog/types@1.408.0", "", {}, "sha512-xMY8QrRKsTYu4A4Of7XF/xEt0HcnZOWwnICm3do7tGKA0lTlnnr4YW0AHQN1Uv2P3BDqf5GQoqh91MKE+dgdcA=="],

    "@sentry/browser": ["@sentry/browser@10.73.0", "", { "dependencies": { "@sentry/browser-utils": "10.73.0", "@sentry/conventions": "^0.16.0", "@sentry/core": "10.73.0", "@sentry/feedback": "10.73.0", "@sentry/replay": "10.73.0", "@sentry/replay-canvas": "10.73.0" } }, "sha512-HqTe1S5RrWLufhX2LaFP3yNoMxfNDroh120bq1zdGHZfFDBMJQ0CDXxHO+L4UJfQ5dWdCCzWbXIAiZuWGa/DFQ=="],

    "@sentry/browser-utils": ["@sentry/browser-utils@10.73.0", "", { "dependencies": { "@sentry/conventions": "^0.16.0", "@sentry/core": "10.73.0" } }, "sha512-qQygxJZ+RV779+iL1+lrJ4f4sZLgbgW0/JWPNp0YlcEAE62yCsdKbqoTEjB/EugdS4mSjBMX0chZC6rblu2Ycw=="],

    "@sentry/conventions": ["@sentry/conventions@0.16.0", "", {}, "sha512-fO9PLmHdVURcSPUpWCItWAtgKiMwGdJHbovoSEyLplX5sxs2ugvI4CBPTrkkgqhObnZOD0CnWBKDzSVQYBKEyQ=="],

    "@sentry/core": ["@sentry/core@10.73.0", "", { "dependencies": { "@sentry/conventions": "^0.16.0" } }, "sha512-FLO1UgH19RyasVpofu612WCOgb2nEH0dZy+R72d7p65XU9i0wxlMKm3+sgfwKmiSJp1Qhilaaxs4Jg6BbiM5HA=="],

    "@sentry/feedback": ["@sentry/feedback@10.73.0", "", { "dependencies": { "@sentry/core": "10.73.0" } }, "sha512-D6nSngX+e46Mae2/oh2bxBvxNK1z2NERbuMAhB5sx9x4xMBWIyGnYYTECehvEqV9+AqGAgxxhOZoYIG3AmRwww=="],

    "@sentry/react": ["@sentry/react@10.73.0", "", { "dependencies": { "@sentry/browser": "10.73.0", "@sentry/conventions": "^0.16.0", "@sentry/core": "10.73.0" }, "peerDependencies": { "react": "^16.14.0 || 17.x || 18.x || 19.x" } }, "sha512-wJrzS98ddPvhGS/MKNHZyE8X7ecd4KwKdz7fHino2qkqBBrF4cxWr+q/uLTIk5PYWMkeJ4oKMjHAjOqmzGR4tg=="],

    "@sentry/replay": ["@sentry/replay@10.73.0", "", { "dependencies": { "@sentry/browser-utils": "10.73.0", "@sentry/core": "10.73.0" } }, "sha512-nN2wjN/Y0J5BOJV5hqRHUEBfxwUsipp1PKjcDHh6Fpxnrtfldu3Y99E8cQInseo5heFdzEvrOHBBrqWZXOHVKQ=="],

    "@sentry/replay-canvas": ["@sentry/replay-canvas@10.73.0", "", { "dependencies": { "@sentry/core": "10.73.0", "@sentry/replay": "10.73.0" } }, "sha512-sxa2lKkHPfF/j5xFpW7gocthWXRqyoHz8KCPy6yGc8plT477nl57iGSKhQDYsx1Ny10TLjs7YkIuPP1GY/Ax2Q=="],

    "@tanstack/history": ["@tanstack/history@1.162.1", "", {}, "sha512-DR9t6lfLVdrjgCwpglrR9DR7Ok8/HlXjcOE+goWXF3zyuLUO/ug7vMbSFxTqrQTtbRghJfyhmIZ0S6LhPIy44w=="],

    "@tanstack/react-router": ["@tanstack/react-router@1.170.32", "", { "dependencies": { "@tanstack/history": "1.162.1", "@tanstack/react-store": "^0.9.3", "@tanstack/router-core": "1.171.27", "isbot": "^5.1.22" }, "peerDependencies": { "react": ">=18.0.0 || >=19.0.0", "react-dom": ">=18.0.0 || >=19.0.0" } }, "sha512-SIpxvaTKco100a5ZR3ePmArbhtm3XOx+w1dpGYY9gxHDta4iXSKDdQuhLonwJbIMkVJsU1rwXf0UDHMrF/1snw=="],

    "@tanstack/react-store": ["@tanstack/react-store@0.9.3", "", { "dependencies": { "@tanstack/store": "0.9.3", "use-sync-external-store": "^1.6.0" }, "peerDependencies": { "react": "^16.8.0 || ^17.0.0 || ^18.0.0 || ^19.0.0", "react-dom": "^16.8.0 || ^17.0.0 || ^18.0.0 || ^19.0.0" } }, "sha512-y2iHd/N9OkoQbFJLUX1T9vbc2O9tjH0pQRgTcx1/Nz4IlwLvkgpuglXUx+mXt0g5ZDFrEeDnONPqkbfxXJKwRg=="],

    "@tanstack/router-core": ["@tanstack/router-core@1.171.27", "", { "dependencies": { "@tanstack/history": "1.162.1", "cookie-es": "^3.0.0", "seroval": "^1.6.2", "seroval-plugins": "^1.6.2" } }, "sha512-wDwSLvoLwIaNcnx9UNcN9Mb7Y8QwCYq1U1RQZwyN186gnkIoIYI2SOxy8VqH1vFigbkHkk4FmwMAQlghPgDK2g=="],

    "@tanstack/store": ["@tanstack/store@0.9.3", "", {}, "sha512-8reSzl/qGWGGVKhBoxXPMWzATSbZLZFWhwBAFO9NAyp0TxzfBP0mIrGb8CP8KrQTmvzXlR/vFPPUrHTLBGyFyw=="],

    "@types/trusted-types": ["@types/trusted-types@2.0.7", "", {}, "sha512-ScaPdn1dQczgbl0QFTeTOmVHFULt394XJgOQNoyVhZ6r2vLnMLJfBPd53SB52T/3G36VI1/g2MZaX0cwDuXsfw=="],

    "browser-tabs-lock": ["browser-tabs-lock@1.3.0", "", { "dependencies": { "lodash": ">=4.17.21" } }, "sha512-g6nHaobTiT0eMZ7jh16YpD2kcjAp+PInbiVq3M1x6KKaEIVhT4v9oURNIpZLOZ3LQbQ3XYfNhMAb/9hzNLIWrw=="],

    "cookie-es": ["cookie-es@3.1.1", "", {}, "sha512-UaXxwISYJPTr9hwQxMFYZ7kNhSXboMXP+Z3TRX6f1/NyaGPfuNUZOWP1pUEb75B2HjfklIYLVRfWiFZJyC6Npg=="],

    "core-js": ["core-js@3.50.0", "", {}, "sha512-BRWgOLKkFeCgRudR6zrs8p9XJZcE14grzKMMssoYrk6krtuEZ7MTKPIY5RzOnqsEKIR9kst7wNzphttraT+Yqw=="],

    "dompurify": ["dompurify@3.4.14", "", { "optionalDependencies": { "@types/trusted-types": "^2.0.7" } }, "sha512-dVoH9z+MY+C9IilgGCk3YfFqjLi3fChm2OiKJMzh6axrJ5qwxqWaZamgmHrpv22CN/KdbZJuGEGgfQoL00LTdg=="],

    "dpop": ["dpop@2.1.2", "", {}, "sha512-hN3XjjCcgYWmNL8DFAV1Z3alXIvLolvjis189NI/U4k4Iu/m4rBeUYObbIjnRzQYDQv4zMaXXskjVDqSkmyh7Q=="],

    "es-cookie": ["es-cookie@1.3.2", "", {}, "sha512-UTlYYhXGLOy05P/vKVT2Ui7WtC7NiRzGtJyAKKn32g5Gvcjn7KAClLPWlipCtxIus934dFg9o9jXiBL0nP+t9Q=="],

    "fflate": ["fflate@0.4.9", "", {}, "sha512-zdxgIEddhfsyCaWpJ2SdXEP8ZMrKJ6+5jl4OupODcywU0IhRk6gdXuVGcPICyfx2H97hVK7xmJtRLPjkxAX8Vw=="],

    "isbot": ["isbot@5.2.2", "", {}, "sha512-iQcBXcd+Rv/pkubRyGh2utW2j1oPG5hZY6TUhVPpqK4G+o3IbxpJNx04hgksjc/N7GK5pEorUxDeg31cFgEk/w=="],

    "jose": ["jose@6.2.10", "", {}, "sha512-iiW7J9qRFlGxvCOIBDBDxFePQSn7ZMAnrYGhrrOo6siO/MIqwfyilLR27pkfDgUk+raLuzADS8A3S/KLBisc0g=="],

    "lodash": ["lodash@4.18.1", "", {}, "sha512-dMInicTPVE8d1e5otfwmmjlxkZoUpiVLwyeTdUsi/Caj/gfzzblBcCE5sRHV/AsjuCmxWrte2TNGSYuCeCq+0Q=="],

    "oauth4webapi": ["oauth4webapi@3.8.7", "", {}, "sha512-4RxcKxXjuItDFZ20RRPf4YTw3kpeXJyCgJFxVzJ068A7PNJ18st2Dg90tlC1LkSDS0GecroagCLHYEIVUhCAkw=="],

    "openid-client": ["openid-client@6.8.7", "", { "dependencies": { "jose": "^6.2.8", "oauth4webapi": "^3.8.7" } }, "sha512-gtKthNu7evSBvTdrrlHb4F3Fi9dcwlb5QaITlCs+9mfpvuOi0Q3qtBf5+iY4sEP8hy1qCoAdxBNPDcmZeVSDzQ=="],

    "posthog-js": ["posthog-js@1.425.1", "", { "dependencies": { "@posthog/browser-common": "^0.7.1", "@posthog/core": "^1.50.2", "@posthog/types": "^1.408.0", "core-js": "^3.49.0", "dompurify": "^3.4.13", "fflate": "^0.4.8", "preact": "^10.29.3", "query-selector-shadow-dom": "^1.0.1", "web-vitals": "^6.2.1", "web-vitals-soft-navs": "npm:web-vitals@6.2.1" }, "peerDependencies": { "@types/react": ">=16.8.0", "react": ">=16.8.0" }, "optionalPeers": ["@types/react", "react"] }, "sha512-GfdAUf402Prjt3ofkj4dh4k/m1SkYvgCeASyWj1xxcIVT7QnB9gGsslDwAZBZ6Wrtwxkq91gFbpSo/v633Q+1w=="],

    "preact": ["preact@10.29.8", "", { "peerDependencies": { "preact-render-to-string": ">=5" }, "optionalPeers": ["preact-render-to-string"] }, "sha512-ej2aVZ+vZ8WO7tvlQWRM9N63A0KzF9q4mWJfDUHgYaIofWY9hu74QdnQrjoPMmZi2/nZ5gN0bJCQF49xQqx09Q=="],

    "query-selector-shadow-dom": ["query-selector-shadow-dom@1.0.1", "", {}, "sha512-lT5yCqEBgfoMYpf3F2xQRK7zEr1rhIIZuceDK6+xRkJQ4NMbHTwXqk4NkwDwQMNqXgG9r9fyHnzwNVs6zV5KRw=="],

    "react": ["react@19.2.8", "", {}, "sha512-PWaYA1L/q9u2u7xYQi+Y3L3Yfnie7XyLeaJICV1MGD6LprsBxcAqGjYyr0eY3p+QdsA+x/Irkt4Qif8D63+Sbw=="],

    "react-dom": ["react-dom@19.2.8", "", { "dependencies": { "scheduler": "^0.27.0" }, "peerDependencies": { "react": "^19.2.8" } }, "sha512-rVprimfGBG3DR+Tq0IQG2DT5PxKth1WIGDmj5yPmlzr4YBe7uyE+Du4oVqTDXZSHGGGXRtTJEGSSePyQCMBglQ=="],

    "scheduler": ["scheduler@0.27.0", "", {}, "sha512-eNv+WrVbKu1f3vbYJT/xtiF5syA5HPIMtf9IgY/nKg0sWqzAUEvqY/xm7OcZc/qafLx/iO9FgOmeSAp4v5ti/Q=="],

    "seroval": ["seroval@1.6.4", "", {}, "sha512-LErWMNS2RRFdu2RMA5u/PA59/IWs0XsikyEXGQ2/36iEWFrdG0ABmg17E17cikrv76891kOAMq3TkTFXpwAHXw=="],

    "seroval-plugins": ["seroval-plugins@1.6.4", "", { "peerDependencies": { "seroval": "^1.0" } }, "sha512-R0f1U9hmn38+dFMz6b6ab8lwucmw4AtiY7St+JPWudy1dm+Bs3g884nyrsH9Cy6rKpZKLYayXuMda9GZ/fl8JQ=="],

    "use-sync-external-store": ["use-sync-external-store@1.6.0", "", { "peerDependencies": { "react": "^16.8.0 || ^17.0.0 || ^18.0.0 || ^19.0.0" } }, "sha512-Pp6GSwGP/NrPIrxVFAIkOQeyw8lFenOHijQWkUTrDvrF4ALqylP2C/KCkeS9dpUM3KvYRQhna5vt7IL95+ZQ9w=="],

    "web-vitals": ["web-vitals@6.2.1", "", {}, "sha512-rLcLXA2sx6+9dE88NHFubwTtGxpK4yYBLj6qHPdFoCaLr0cXGb4efOqtKLlm4loGA4OEKHIQKMKzZkKyOh5ctw=="],

    "web-vitals-soft-navs": ["web-vitals@6.2.1", "", {}, "sha512-rLcLXA2sx6+9dE88NHFubwTtGxpK4yYBLj6qHPdFoCaLr0cXGb4efOqtKLlm4loGA4OEKHIQKMKzZkKyOh5ctw=="],
  }
}
